
Microsoft Visual Studio Solution File, Format Version 12.00
# Visual Studio Version 16
VisualStudioVersion = 16.0.30128.74
MinimumVisualStudioVersion = 10.0.40219.1
Project("{FAE04EC0-301F-11D3-BF4B-00C04F79EFBC}") = "GUI", "QuanLyBanMyPham\GUI.csproj", "{EFDA37AA-6B46-4EE7-90F9-F979CCFDCF07}"
EndProject
Project("{FAE04EC0-301F-11D3-BF4B-00C04F79EFBC}") = "BLL", "BLL\BLL.csproj", "{10E8C170-DC36-4864-BF08-B0B24B675023}"
EndProject
Project("{FAE04EC0-301F-11D3-BF4B-00C04F79EFBC}") = "DAL", "DAL\DAL.csproj", "{0782C063-E594-4FCA-AD81-0136CB74464B}"
EndProject
Global
	GlobalSection(SolutionConfigurationPlatforms) = preSolution
		Debug|Any CPU = Debug|Any CPU
		Release|Any CPU = Release|Any CPU
	EndGlobalSection
	GlobalSection(ProjectConfigurationPlatforms) = postSolution
		{EFDA37AA-6B46-4EE7-90F9-F979CCFDCF07}.Debug|Any CPU.ActiveCfg = Debug|Any CPU
		{EFDA37AA-6B46-4EE7-90F9-F979CCFDCF07}.Debug|Any CPU.Build.0 = Debug|Any CPU
		{EFDA37AA-6B46-4EE7-90F9-F979CCFDCF07}.Release|Any CPU.ActiveCfg = Release|Any CPU
		{EFDA37AA-6B46-4EE7-90F9-F979CCFDCF07}.Release|Any CPU.Build.0 = Release|Any CPU
		{10E8C170-DC36-4864-BF08-B0B24B675023}.Debug|Any CPU.ActiveCfg = Debug|Any CPU
		{10E8C170-DC36-4864-BF08-B0B24B675023}.Debug|Any CPU.Build.0 = Debug|Any CPU
		{10E8C170-DC36-4864-BF08-B0B24B675023}.Release|Any CPU.ActiveCfg = Release|Any CPU
		{10E8C170-DC36-4864-BF08-B0B24B675023}.Release|Any CPU.Build.0 = Release|Any CPU
		{0782C063-E594-4FCA-AD81-0136CB74464B}.Debug|Any CPU.ActiveCfg = Debug|Any CPU
		{0782C063-E594-4FCA-AD81-0136CB74464B}.Debug|Any CPU.Build.0 = Debug|Any CPU
		{0782C063-E594-4FCA-AD81-0136CB74464B}.Release|Any CPU.ActiveCfg = Release|Any CPU
		{0782C063-E594-4FCA-AD81-0136CB74464B}.Release|Any CPU.Build.0 = Release|Any CPU
	EndGlobalSection
	GlobalSection(SolutionProperties) = preSolution
		HideSolutionNode = FALSE
	EndGlobalSection
	GlobalSection(ExtensibilityGlobals) = postSolution
		SolutionGuid = {D332DF59-C7BC-4CB4-9DFD-19304084B1EC}
	EndGlobalSection
EndGlobal
